{
  "format": 1,
  "sources": [
    "https://elpa.gnu.org/packages/",
    "https://elpa.nongnu.org/nongnu/",
    "https://codeload.github.com/dgillis/emacs-codex-ide/tar.gz/",
    "https://github.com/ocaml/merlin/releases/download/v5.8.1-505/"
  ],
  "packages": [
    {
      "name": "compat",
      "version": "31.1.0.0",
      "url": "https://elpa.gnu.org/packages/compat-31.1.0.0.tar",
      "sha256": "d0b21a401990575b0fed84f5e692440c3e16aaa8e679172e38ee131b88ecff9c"
    },
    {
      "name": "cond-let",
      "version": "1.1.5",
      "url": "https://elpa.nongnu.org/nongnu/cond-let-1.1.5.tar",
      "sha256": "cb12ebffaab37fc12d60a3d749d304f67012a6580750f260b013b124bfb592e6"
    },
    {
      "name": "llama",
      "version": "1.0.6",
      "url": "https://elpa.nongnu.org/nongnu/llama-1.0.6.tar",
      "sha256": "eafea6f32985ebf2c0266cdeff3a7b72eaf674c7a51e1c424fbc0e4166310337"
    },
    {
      "name": "seq",
      "version": "2.24",
      "url": "https://elpa.gnu.org/packages/seq-2.24.tar",
      "sha256": "8693439fd9bc447345aa6e1b5a4121107a474c4e7de5a511bbd2b8586aa0a88f"
    },
    {
      "name": "magit-section",
      "version": "4.7.1",
      "url": "https://elpa.nongnu.org/nongnu/magit-section-4.7.1.tar",
      "sha256": "65427cfa50393325fcc5876da0bf1fa95ea170b71046e5523a19a2255f6458bf"
    },
    {
      "name": "transient",
      "version": "0.13.8",
      "url": "https://elpa.gnu.org/packages/transient-0.13.8.tar",
      "sha256": "0fa2ee5ce7ce2fd35acd9cf86e9b2d1abec99973db8378b386b5f90b1fa1bebd"
    },
    {
      "name": "with-editor",
      "version": "3.5.4",
      "url": "https://elpa.nongnu.org/nongnu/with-editor-3.5.4.tar",
      "sha256": "6dd3156efcec9be9ee2e47881c26aceb35858508c203341cc6d10f51b1637f26"
    },
    {
      "name": "magit",
      "version": "4.7.1",
      "url": "https://elpa.nongnu.org/nongnu/magit-4.7.1.tar",
      "sha256": "b2d38a34aeddea92cc87b4cb9823dcd597993f800633c760587dba083acff2e5"
    },
    {
      "name": "clojure-mode",
      "version": "5.23.0",
      "url": "https://elpa.nongnu.org/nongnu/clojure-mode-5.23.0.tar",
      "sha256": "af8365d2a56b022a953b814315b4cc5256e906d37185f7010b78691aaeee96d0"
    },
    {
      "name": "tuareg",
      "version": "3.1.0",
      "url": "https://elpa.nongnu.org/nongnu/tuareg-3.1.0.tar",
      "sha256": "5527c6558716e25587264f9b6a7c0b9b636fb0d74d0e6f6076f9b79a07091cba"
    },
    {
      "name": "rainbow-delimiters",
      "version": "2.1.5",
      "url": "https://elpa.nongnu.org/nongnu/rainbow-delimiters-2.1.5.tar",
      "sha256": "825b0858913b1a82d7b605f62c9137bb1313b1394de81bd31d13972fd2879f38"
    },
    {
      "name": "consult",
      "version": "3.10",
      "url": "https://elpa.gnu.org/packages/consult-3.10.tar",
      "sha256": "68aa5daeb701958482dccab3b23a454ff9a9be6b2f4c41fbcc7a353ecfeab096"
    },
    {
      "name": "vertico",
      "version": "2.15",
      "url": "https://elpa.gnu.org/packages/vertico-2.15.tar",
      "sha256": "5c3492edb1e0020da711d9a4213a3878e90e7af8e2e6375757901f4b399872ff"
    },
    {
      "name": "orderless",
      "version": "1.8",
      "url": "https://elpa.gnu.org/packages/orderless-1.8.tar",
      "sha256": "9b4b1253bab2e1d984ad0a31028716d0eff2cd358144bb9caced3b15088e69aa"
    },
    {
      "name": "marginalia",
      "version": "2.13",
      "url": "https://elpa.gnu.org/packages/marginalia-2.13.tar",
      "sha256": "e1b228d1d4aa4648982aa79ebb9a2e1d2824b7cd40e01d39ed541f1b7663edba"
    },
    {
      "name": "modus-themes",
      "version": "5.3.0",
      "url": "https://elpa.gnu.org/packages/modus-themes-5.3.0.tar",
      "sha256": "bd1a6c34ebcd0d8d69ce669156006bd0d099281f6bd299db095ee0ee9a0da610"
    },
    {
      "name": "embark",
      "version": "1.2",
      "url": "https://elpa.gnu.org/packages/embark-1.2.tar",
      "sha256": "65e4553e709a9619016a635c435f648add310c75601b3b0818ca71c5b46678ea"
    },
    {
      "name": "embark-consult",
      "version": "1.2",
      "url": "https://elpa.gnu.org/packages/embark-consult-1.2.tar",
      "sha256": "963b6d722a3913ca6f5606dea6f12566c4c61e506fe00a3edeee579c8843d1d4"
    },
    {
      "name": "codex-ide",
      "version": "0.3.2",
      "revision": "5eba84dd58ad8609e8f7e8c4159d4aac90b4f303",
      "format": "github-tar.gz",
      "filename": "codex-ide-5eba84dd58ad8609e8f7e8c4159d4aac90b4f303.tar.gz",
      "url": "https://codeload.github.com/dgillis/emacs-codex-ide/tar.gz/5eba84dd58ad8609e8f7e8c4159d4aac90b4f303",
      "sha256": "8c69b93824421ff95e3b8f3ad7819c6799372ee3ec9b448330a6c8883f426cbc",
      "archive-root": "emacs-codex-ide",
      "modules": [
        ".dir-locals.el",
        "codex-ide-approvals-data.el",
        "codex-ide-autoloads.el",
        "codex-ide-config.el",
        "codex-ide-context.el",
        "codex-ide-core.el",
        "codex-ide-debug-info.el",
        "codex-ide-delete-session-thread.el",
        "codex-ide-diff-data.el",
        "codex-ide-diff-model.el",
        "codex-ide-diff-view.el",
        "codex-ide-errors.el",
        "codex-ide-header.el",
        "codex-ide-images.el",
        "codex-ide-log.el",
        "codex-ide-loop.el",
        "codex-ide-mcp-bridge.el",
        "codex-ide-mcp-elicitation.el",
        "codex-ide-mention.el",
        "codex-ide-nav.el",
        "codex-ide-protocol.el",
        "codex-ide-renderer.el",
        "codex-ide-rollout.el",
        "codex-ide-section.el",
        "codex-ide-session-buffer-list.el",
        "codex-ide-session-list.el",
        "codex-ide-session-mode.el",
        "codex-ide-session.el",
        "codex-ide-slash-command.el",
        "codex-ide-status-mode.el",
        "codex-ide-thread-history.el",
        "codex-ide-threads.el",
        "codex-ide-transcript.el",
        "codex-ide-transient.el",
        "codex-ide-usage.el",
        "codex-ide-utils.el",
        "codex-ide-window.el",
        "codex-ide.el"
      ],
      "dependencies": {
        "emacs": "28.1",
        "transient": "0.9.0"
      }
    },
    {
      "name": "pulsar",
      "version": "1.4.1",
      "url": "https://elpa.gnu.org/packages/pulsar-1.4.1.tar",
      "sha256": "ac34cd4fc652212c2db4702c4331db9e33f9651ebb76c0ce6434b542dc82150c",
      "requires": {
        "emacs": "28.1"
      }
    },
    {
      "name": "breadcrumb",
      "version": "1.0.1",
      "url": "https://elpa.gnu.org/packages/breadcrumb-1.0.1.tar",
      "sha256": "bc250a5620481adee0c847f6f0f4967028beb8d6ec96451a51b40e14be50c9e8",
      "requires": {
        "emacs": "28.1",
        "project": "0.9.8"
      }
    },
    {
      "name": "merlin",
      "version": "3.0",
      "upstream-version": "5.8.1-505",
      "format": "upstream-tar",
      "filename": "merlin-5.8.1-505.tbz",
      "url": "https://github.com/ocaml/merlin/releases/download/v5.8.1-505/merlin-5.8.1-505.tbz",
      "sha256": "b8fb32bc0fc092af2fd6bdc831cb966057f2e3fd7b99a172b705e96ba8082583",
      "module-prefix": "merlin-5.8.1-505/emacs/",
      "modules": [
        "merlin.el",
        "merlin-cap.el",
        "merlin-xref.el"
      ],
      "dependencies": {
        "emacs": "25.1"
      }
    }
  ]
}
